
Microsoft Visual Studio Solution File, Format Version 12.00
# Visual Studio Version 17
VisualStudioVersion = 17.12.35707.178
MinimumVisualStudioVersion = 10.0.40219.1
Project("{FAE04EC0-301F-11D3-BF4B-00C04F79EFBC}") = "Online App - Asset Management", "Online App - Asset Management.csproj", "{D793FCEC-B6D3-4958-918D-03A071304D84}"
EndProject
Project("{FAE04EC0-301F-11D3-BF4B-00C04F79EFBC}") = "AssetManagement_DataBase", "..\AssetManagement_DataBase\AssetManagement_DataBase.csproj", "{83136CCD-3EB5-4C46-8C25-115692A96057}"
EndProject
Project("{FAE04EC0-301F-11D3-BF4B-00C04F79EFBC}") = "AssetManagement_CommonLibrary", "..\AssetManagement_CommonLibrary\AssetManagement_CommonLibrary.csproj", "{CD456F21-7EAB-427C-A677-DA26D23CEB70}"
EndProject
Global
	GlobalSection(SolutionConfigurationPlatforms) = preSolution
		Debug|Any CPU = Debug|Any CPU
		Release|Any CPU = Release|Any CPU
	EndGlobalSection
	GlobalSection(ProjectConfigurationPlatforms) = postSolution
		{D793FCEC-B6D3-4958-918D-03A071304D84}.Debug|Any CPU.ActiveCfg = Debug|Any CPU
		{D793FCEC-B6D3-4958-918D-03A071304D84}.Debug|Any CPU.Build.0 = Debug|Any CPU
		{D793FCEC-B6D3-4958-918D-03A071304D84}.Release|Any CPU.ActiveCfg = Release|Any CPU
		{D793FCEC-B6D3-4958-918D-03A071304D84}.Release|Any CPU.Build.0 = Release|Any CPU
		{83136CCD-3EB5-4C46-8C25-115692A96057}.Debug|Any CPU.ActiveCfg = Debug|Any CPU
		{83136CCD-3EB5-4C46-8C25-115692A96057}.Debug|Any CPU.Build.0 = Debug|Any CPU
		{83136CCD-3EB5-4C46-8C25-115692A96057}.Release|Any CPU.ActiveCfg = Release|Any CPU
		{83136CCD-3EB5-4C46-8C25-115692A96057}.Release|Any CPU.Build.0 = Release|Any CPU
		{CD456F21-7EAB-427C-A677-DA26D23CEB70}.Debug|Any CPU.ActiveCfg = Debug|Any CPU
		{CD456F21-7EAB-427C-A677-DA26D23CEB70}.Debug|Any CPU.Build.0 = Debug|Any CPU
		{CD456F21-7EAB-427C-A677-DA26D23CEB70}.Release|Any CPU.ActiveCfg = Release|Any CPU
		{CD456F21-7EAB-427C-A677-DA26D23CEB70}.Release|Any CPU.Build.0 = Release|Any CPU
	EndGlobalSection
	GlobalSection(SolutionProperties) = preSolution
		HideSolutionNode = FALSE
	EndGlobalSection
EndGlobal
